
Microsoft Visual Studio Solution File, Format Version 12.00
# Visual Studio Version 17
VisualStudioVersion = 17.1.32328.378
MinimumVisualStudioVersion = 10.0.40219.1
Project("{FAE04EC0-301F-11D3-BF4B-00C04F79EFBC}") = "LoginRegisterAuthentication", "LoginRegisterAuthentication\LoginRegisterAuthentication.csproj", "{467C2BB7-69BB-4BF5-B391-4ED74C91F0E1}"
EndProject
Global
	GlobalSection(SolutionConfigurationPlatforms) = preSolution
		Debug|Any CPU = Debug|Any CPU
		Release|Any CPU = Release|Any CPU
	EndGlobalSection
	GlobalSection(ProjectConfigurationPlatforms) = postSolution
		{467C2BB7-69BB-4BF5-B391-4ED74C91F0E1}.Debug|Any CPU.ActiveCfg = Debug|Any CPU
		{467C2BB7-69BB-4BF5-B391-4ED74C91F0E1}.Debug|Any CPU.Build.0 = Debug|Any CPU
		{467C2BB7-69BB-4BF5-B391-4ED74C91F0E1}.Release|Any CPU.ActiveCfg = Release|Any CPU
		{467C2BB7-69BB-4BF5-B391-4ED74C91F0E1}.Release|Any CPU.Build.0 = Release|Any CPU
	EndGlobalSection
	GlobalSection(SolutionProperties) = preSolution
		HideSolutionNode = FALSE
	EndGlobalSection
	GlobalSection(ExtensibilityGlobals) = postSolution
		SolutionGuid = {6BDCB98B-BF1E-4E05-AD68-34BBFBB419A4}
	EndGlobalSection
EndGlobal
